
Microsoft Visual Studio Solution File, Format Version 12.00
# Visual Studio Version 17
VisualStudioVersion = 17.7.34003.232
MinimumVisualStudioVersion = 10.0.40219.1
Project("{FAE04EC0-301F-11D3-BF4B-00C04F79EFBC}") = "TA30_mvc_sgallego", "TA30_mvc_sgallego.csproj", "{34BF2497-03DC-4644-93AA-BCB1A048A8C3}"
EndProject
Global
	GlobalSection(SolutionConfigurationPlatforms) = preSolution
		Debug|Any CPU = Debug|Any CPU
		Release|Any CPU = Release|Any CPU
	EndGlobalSection
	GlobalSection(ProjectConfigurationPlatforms) = postSolution
		{34BF2497-03DC-4644-93AA-BCB1A048A8C3}.Debug|Any CPU.ActiveCfg = Debug|Any CPU
		{34BF2497-03DC-4644-93AA-BCB1A048A8C3}.Debug|Any CPU.Build.0 = Debug|Any CPU
		{34BF2497-03DC-4644-93AA-BCB1A048A8C3}.Release|Any CPU.ActiveCfg = Release|Any CPU
		{34BF2497-03DC-4644-93AA-BCB1A048A8C3}.Release|Any CPU.Build.0 = Release|Any CPU
	EndGlobalSection
	GlobalSection(SolutionProperties) = preSolution
		HideSolutionNode = FALSE
	EndGlobalSection
	GlobalSection(ExtensibilityGlobals) = postSolution
		SolutionGuid = {B393074A-0E30-49B2-B342-3450CD6B6C7C}
	EndGlobalSection
EndGlobal
