
Microsoft Visual Studio Solution File, Format Version 12.00
# Visual Studio Version 17
VisualStudioVersion = 17.7.34003.232
MinimumVisualStudioVersion = 10.0.40219.1
Project("{FAE04EC0-301F-11D3-BF4B-00C04F79EFBC}") = "TA30_1_sgallego", "TA30_1_sgallego.csproj", "{71F9544B-C9B7-4697-92F8-89350623F95A}"
EndProject
Global
	GlobalSection(SolutionConfigurationPlatforms) = preSolution
		Debug|Any CPU = Debug|Any CPU
		Release|Any CPU = Release|Any CPU
	EndGlobalSection
	GlobalSection(ProjectConfigurationPlatforms) = postSolution
		{71F9544B-C9B7-4697-92F8-89350623F95A}.Debug|Any CPU.ActiveCfg = Debug|Any CPU
		{71F9544B-C9B7-4697-92F8-89350623F95A}.Debug|Any CPU.Build.0 = Debug|Any CPU
		{71F9544B-C9B7-4697-92F8-89350623F95A}.Release|Any CPU.ActiveCfg = Release|Any CPU
		{71F9544B-C9B7-4697-92F8-89350623F95A}.Release|Any CPU.Build.0 = Release|Any CPU
	EndGlobalSection
	GlobalSection(SolutionProperties) = preSolution
		HideSolutionNode = FALSE
	EndGlobalSection
	GlobalSection(ExtensibilityGlobals) = postSolution
		SolutionGuid = {050F4B3B-C44C-4546-A887-44171E1C0EEB}
	EndGlobalSection
EndGlobal
