
Microsoft Visual Studio Solution File, Format Version 12.00
# Visual Studio Version 17
VisualStudioVersion = 17.7.34003.232
MinimumVisualStudioVersion = 10.0.40219.1
Project("{FAE04EC0-301F-11D3-BF4B-00C04F79EFBC}") = "TA30_2_sgallego", "TA30_2_sgallego.csproj", "{1FFA9E0C-7D93-4617-897D-FF715EE52FC6}"
EndProject
Global
	GlobalSection(SolutionConfigurationPlatforms) = preSolution
		Debug|Any CPU = Debug|Any CPU
		Release|Any CPU = Release|Any CPU
	EndGlobalSection
	GlobalSection(ProjectConfigurationPlatforms) = postSolution
		{1FFA9E0C-7D93-4617-897D-FF715EE52FC6}.Debug|Any CPU.ActiveCfg = Debug|Any CPU
		{1FFA9E0C-7D93-4617-897D-FF715EE52FC6}.Debug|Any CPU.Build.0 = Debug|Any CPU
		{1FFA9E0C-7D93-4617-897D-FF715EE52FC6}.Release|Any CPU.ActiveCfg = Release|Any CPU
		{1FFA9E0C-7D93-4617-897D-FF715EE52FC6}.Release|Any CPU.Build.0 = Release|Any CPU
	EndGlobalSection
	GlobalSection(SolutionProperties) = preSolution
		HideSolutionNode = FALSE
	EndGlobalSection
	GlobalSection(ExtensibilityGlobals) = postSolution
		SolutionGuid = {DB19C763-924A-4FFC-9510-E265D354E31E}
	EndGlobalSection
EndGlobal
